
Microsoft Visual Studio Solution File, Format Version 12.00
# Visual Studio Version 16
VisualStudioVersion = 16.0.30128.74
MinimumVisualStudioVersion = 10.0.40219.1
Project("{9A19103F-16F7-4668-BE54-9A1E7A4F7556}") = "Plantil.API", "Plantil.API\Plantil.API.csproj", "{3209DBEE-CFC4-4FC3-A719-774E16F0C74D}"
EndProject
Project("{FAE04EC0-301F-11D3-BF4B-00C04F79EFBC}") = "Plantil.Core", "Plantil.Core\Plantil.Core.csproj", "{CE8C2FE4-EBAE-4797-8A72-1EA993EB2556}"
EndProject
Global
	GlobalSection(SolutionConfigurationPlatforms) = preSolution
		Debug|Any CPU = Debug|Any CPU
		Release|Any CPU = Release|Any CPU
	EndGlobalSection
	GlobalSection(ProjectConfigurationPlatforms) = postSolution
		{3209DBEE-CFC4-4FC3-A719-774E16F0C74D}.Debug|Any CPU.ActiveCfg = Debug|Any CPU
		{3209DBEE-CFC4-4FC3-A719-774E16F0C74D}.Debug|Any CPU.Build.0 = Debug|Any CPU
		{3209DBEE-CFC4-4FC3-A719-774E16F0C74D}.Release|Any CPU.ActiveCfg = Release|Any CPU
		{3209DBEE-CFC4-4FC3-A719-774E16F0C74D}.Release|Any CPU.Build.0 = Release|Any CPU
		{CE8C2FE4-EBAE-4797-8A72-1EA993EB2556}.Debug|Any CPU.ActiveCfg = Debug|Any CPU
		{CE8C2FE4-EBAE-4797-8A72-1EA993EB2556}.Debug|Any CPU.Build.0 = Debug|Any CPU
		{CE8C2FE4-EBAE-4797-8A72-1EA993EB2556}.Release|Any CPU.ActiveCfg = Release|Any CPU
		{CE8C2FE4-EBAE-4797-8A72-1EA993EB2556}.Release|Any CPU.Build.0 = Release|Any CPU
	EndGlobalSection
	GlobalSection(SolutionProperties) = preSolution
		HideSolutionNode = FALSE
	EndGlobalSection
	GlobalSection(ExtensibilityGlobals) = postSolution
		SolutionGuid = {4713C0AA-6B28-40F3-AD9D-00647D3DEC8E}
	EndGlobalSection
EndGlobal
